{
  "version": 4,
  "terraform_version": "1.9.7",
  "serial": 13,
  "lineage": "bf81b883-3b89-20db-968d-b2f9292ff83c",
  "outputs": {},
  "resources": [
    {
      "mode": "managed",
      "type": "google_storage_bucket_object",
      "name": "object",
      "provider": "provider[\"registry.terraform.io/hashicorp/google\"]",
      "instances": [
        {
          "schema_version": 0,
          "attributes": {
            "bucket": "qwiklabs-gcp-00-fc6be4884f6a-bucket",
            "cache_control": "",
            "content": null,
            "content_disposition": "",
            "content_encoding": "",
            "content_language": "",
            "content_type": "application/zip",
            "crc32c": "w8DI4Q==",
            "customer_encryption": [],
            "detect_md5hash": "XhwDJwcAsRtrJLNHPs/gfw==",
            "event_based_hold": false,
            "generation": 1728519956905881,
            "id": "qwiklabs-gcp-00-fc6be4884f6a-bucket-code-source.zip",
            "kms_key_name": "",
            "md5hash": "XhwDJwcAsRtrJLNHPs/gfw==",
            "media_link": "https://storage.googleapis.com/download/storage/v1/b/qwiklabs-gcp-00-fc6be4884f6a-bucket/o/code-source.zip?generation=1728519956905881\u0026alt=media",
            "metadata": {},
            "name": "code-source.zip",
            "output_name": "code-source.zip",
            "retention": [],
            "self_link": "https://www.googleapis.com/storage/v1/b/qwiklabs-gcp-00-fc6be4884f6a-bucket/o/code-source.zip",
            "source": "./code-source.zip",
            "storage_class": "STANDARD",
            "temporary_hold": false,
            "timeouts": null
          },
          "sensitive_attributes": [
            [
              {
                "type": "get_attr",
                "value": "content"
              }
            ]
          ],
          "private": "eyJlMmJmYjczMC1lY2FhLTExZTYtOGY4OC0zNDM2M2JjN2M0YzAiOnsiY3JlYXRlIjoyNDAwMDAwMDAwMDAsImRlbGV0ZSI6MjQwMDAwMDAwMDAwLCJ1cGRhdGUiOjI0MDAwMDAwMDAwMH19"
        }
      ]
    }
  ],
  "check_results": null
}
